// !$*UTF8*$!
{
	archiveVersion = 1;
	classes = {
	};
	objectVersion = 55;
	objects = {

/* Begin PBXBuildFile section */
		7B86E6F728B9AD4800417632 /* AppDelegate.swift in Sources */ = {isa = PBXBuildFile; fileRef = 7B86E6F628B9AD4800417632 /* AppDelegate.swift */; };
		7B86E6F928B9AD4800417632 /* SceneDelegate.swift in Sources */ = {isa = PBXBuildFile; fileRef = 7B86E6F828B9AD4800417632 /* SceneDelegate.swift */; };
		7B86E6FB28B9AD4800417632 /* ViewController.swift in Sources */ = {isa = PBXBuildFile; fileRef = 7B86E6FA28B9AD4800417632 /* ViewController.swift */; };
		7B86E6FE28B9AD4800417632 /* Main.storyboard in Resources */ = {isa = PBXBuildFile; fileRef = 7B86E6FC28B9AD4800417632 /* Main.storyboard */; };
		7B86E70028B9AD4A00417632 /* Assets.xcassets in Resources */ = {isa = PBXBuildFile; fileRef = 7B86E6FF28B9AD4A00417632 /* Assets.xcassets */; };
		7B86E70328B9AD4A00417632 /* LaunchScreen.storyboard in Resources */ = {isa = PBXBuildFile; fileRef = 7B86E70128B9AD4A00417632 /* LaunchScreen.storyboard */; };
		7B86E71128B9AFB500417632 /* Pokemon.swift in Sources */ = {isa = PBXBuildFile; fileRef = 7B86E71028B9AFB500417632 /* Pokemon.swift */; };
		7BDE3EB328BA5F7300CE10EE /* PokemonDataManager.swift in Sources */ = {isa = PBXBuildFile; fileRef = 7BDE3EB228BA5F7300CE10EE /* PokemonDataManager.swift */; };
		7BDE3EB528BA63FF00CE10EE /* PokemonViewController.swift in Sources */ = {isa = PBXBuildFile; fileRef = 7BDE3EB428BA63FF00CE10EE /* PokemonViewController.swift */; };
		7BDE3EB928BA816100CE10EE /* PokeCellCollectionViewCell.swift in Sources */ = {isa = PBXBuildFile; fileRef = 7BDE3EB828BA816100CE10EE /* PokeCellCollectionViewCell.swift */; };
		7BDE3EBD28BA954100CE10EE /* pokemonList.plist in Resources */ = {isa = PBXBuildFile; fileRef = 7BDE3EBC28BA954100CE10EE /* pokemonList.plist */; };
		7BDE3EBF28BA963C00CE10EE /* PokemonDetailViewController.swift in Sources */ = {isa = PBXBuildFile; fileRef = 7BDE3EBE28BA963C00CE10EE /* PokemonDetailViewController.swift */; };
/* End PBXBuildFile section */

/* Begin PBXFileReference section */
		7B86E6F328B9AD4800417632 /* MVCExample.app */ = {isa = PBXFileReference; explicitFileType = wrapper.application; includeInIndex = 0; path = MVCExample.app; sourceTree = BUILT_PRODUCTS_DIR; };
		7B86E6F628B9AD4800417632 /* AppDelegate.swift */ = {isa = PBXFileReference; lastKnownFileType = sourcecode.swift; path = AppDelegate.swift; sourceTree = "<group>"; };
		7B86E6F828B9AD4800417632 /* SceneDelegate.swift */ = {isa = PBXFileReference; lastKnownFileType = sourcecode.swift; path = SceneDelegate.swift; sourceTree = "<group>"; };
		7B86E6FA28B9AD4800417632 /* ViewController.swift */ = {isa = PBXFileReference; lastKnownFileType = sourcecode.swift; path = ViewController.swift; sourceTree = "<group>"; };
		7B86E6FD28B9AD4800417632 /* Base */ = {isa = PBXFileReference; lastKnownFileType = file.storyboard; name = Base; path = Base.lproj/Main.storyboard; sourceTree = "<group>"; };
		7B86E6FF28B9AD4A00417632 /* Assets.xcassets */ = {isa = PBXFileReference; lastKnownFileType = folder.assetcatalog; path = Assets.xcassets; sourceTree = "<group>"; };
		7B86E70228B9AD4A00417632 /* Base */ = {isa = PBXFileReference; lastKnownFileType = file.storyboard; name = Base; path = Base.lproj/LaunchScreen.storyboard; sourceTree = "<group>"; };
		7B86E70428B9AD4A00417632 /* Info.plist */ = {isa = PBXFileReference; lastKnownFileType = text.plist.xml; path = Info.plist; sourceTree = "<group>"; };
		7B86E71028B9AFB500417632 /* Pokemon.swift */ = {isa = PBXFileReference; lastKnownFileType = sourcecode.swift; path = Pokemon.swift; sourceTree = "<group>"; };
		7BDE3EB228BA5F7300CE10EE /* PokemonDataManager.swift */ = {isa = PBXFileReference; lastKnownFileType = sourcecode.swift; path = PokemonDataManager.swift; sourceTree = "<group>"; };
		7BDE3EB428BA63FF00CE10EE /* PokemonViewController.swift */ = {isa = PBXFileReference; lastKnownFileType = sourcecode.swift; path = PokemonViewController.swift; sourceTree = "<group>"; };
		7BDE3EB828BA816100CE10EE /* PokeCellCollectionViewCell.swift */ = {isa = PBXFileReference; lastKnownFileType = sourcecode.swift; path = PokeCellCollectionViewCell.swift; sourceTree = "<group>"; };
		7BDE3EBC28BA954100CE10EE /* pokemonList.plist */ = {isa = PBXFileReference; fileEncoding = 4; lastKnownFileType = text.plist.xml; name = pokemonList.plist; path = ../../../../Downloads/pokemonList.plist; sourceTree = "<group>"; };
		7BDE3EBE28BA963C00CE10EE /* PokemonDetailViewController.swift */ = {isa = PBXFileReference; lastKnownFileType = sourcecode.swift; path = PokemonDetailViewController.swift; sourceTree = "<group>"; };
/* End PBXFileReference section */

/* Begin PBXFrameworksBuildPhase section */
		7B86E6F028B9AD4800417632 /* Frameworks */ = {
			isa = PBXFrameworksBuildPhase;
			buildActionMask = 2147483647;
			files = (
			);
			runOnlyForDeploymentPostprocessing = 0;
		};
/* End PBXFrameworksBuildPhase section */

/* Begin PBXGroup section */
		7B86E6EA28B9AD4800417632 = {
			isa = PBXGroup;
			children = (
				7B86E6F528B9AD4800417632 /* MVCExample */,
				7B86E6F428B9AD4800417632 /* Products */,
			);
			sourceTree = "<group>";
		};
		7B86E6F428B9AD4800417632 /* Products */ = {
			isa = PBXGroup;
			children = (
				7B86E6F328B9AD4800417632 /* MVCExample.app */,
			);
			name = Products;
			sourceTree = "<group>";
		};
		7B86E6F528B9AD4800417632 /* MVCExample */ = {
			isa = PBXGroup;
			children = (
				7BDE3EBC28BA954100CE10EE /* pokemonList.plist */,
				7B86E6F628B9AD4800417632 /* AppDelegate.swift */,
				7B86E6F828B9AD4800417632 /* SceneDelegate.swift */,
				7B86E6FA28B9AD4800417632 /* ViewController.swift */,
				7B86E6FC28B9AD4800417632 /* Main.storyboard */,
				7B86E6FF28B9AD4A00417632 /* Assets.xcassets */,
				7B86E70C28B9AF1000417632 /* Model */,
				7B86E70D28B9AF1700417632 /* View */,
				7B86E70E28B9AF2600417632 /* Controller */,
				7B86E70128B9AD4A00417632 /* LaunchScreen.storyboard */,
				7B86E70428B9AD4A00417632 /* Info.plist */,
			);
			path = MVCExample;
			sourceTree = "<group>";
		};
		7B86E70C28B9AF1000417632 /* Model */ = {
			isa = PBXGroup;
			children = (
				7B86E71028B9AFB500417632 /* Pokemon.swift */,
				7BDE3EB228BA5F7300CE10EE /* PokemonDataManager.swift */,
			);
			path = Model;
			sourceTree = "<group>";
		};
		7B86E70D28B9AF1700417632 /* View */ = {
			isa = PBXGroup;
			children = (
				7BDE3EB828BA816100CE10EE /* PokeCellCollectionViewCell.swift */,
			);
			path = View;
			sourceTree = "<group>";
		};
		7B86E70E28B9AF2600417632 /* Controller */ = {
			isa = PBXGroup;
			children = (
				7BDE3EB428BA63FF00CE10EE /* PokemonViewController.swift */,
				7BDE3EBE28BA963C00CE10EE /* PokemonDetailViewController.swift */,
			);
			path = Controller;
			sourceTree = "<group>";
		};
/* End PBXGroup section */

/* Begin PBXNativeTarget section */
		7B86E6F228B9AD4800417632 /* MVCExample */ = {
			isa = PBXNativeTarget;
			buildConfigurationList = 7B86E70728B9AD4A00417632 /* Build configuration list for PBXNativeTarget "MVCExample" */;
			buildPhases = (
				7B86E6EF28B9AD4800417632 /* Sources */,
				7B86E6F028B9AD4800417632 /* Frameworks */,
				7B86E6F128B9AD4800417632 /* Resources */,
			);
			buildRules = (
			);
			dependencies = (
			);
			name = MVCExample;
			productName = MVCExample;
			productReference = 7B86E6F328B9AD4800417632 /* MVCExample.app */;
			productType = "com.apple.product-type.application";
		};
/* End PBXNativeTarget section */

/* Begin PBXProject section */
		7B86E6EB28B9AD4800417632 /* Project object */ = {
			isa = PBXProject;
			attributes = {
				BuildIndependentTargetsInParallel = 1;
				LastSwiftUpdateCheck = 1330;
				LastUpgradeCheck = 1330;
				TargetAttributes = {
					7B86E6F228B9AD4800417632 = {
						CreatedOnToolsVersion = 13.3.1;
					};
				};
			};
			buildConfigurationList = 7B86E6EE28B9AD4800417632 /* Build configuration list for PBXProject "MVCExample" */;
			compatibilityVersion = "Xcode 13.0";
			developmentRegion = en;
			hasScannedForEncodings = 0;
			knownRegions = (
				en,
				Base,
			);
			mainGroup = 7B86E6EA28B9AD4800417632;
			productRefGroup = 7B86E6F428B9AD4800417632 /* Products */;
			projectDirPath = "";
			projectRoot = "";
			targets = (
				7B86E6F228B9AD4800417632 /* MVCExample */,
			);
		};
/* End PBXProject section */

/* Begin PBXResourcesBuildPhase section */
		7B86E6F128B9AD4800417632 /* Resources */ = {
			isa = PBXResourcesBuildPhase;
			buildActionMask = 2147483647;
			files = (
				7BDE3EBD28BA954100CE10EE /* pokemonList.plist in Resources */,
				7B86E70328B9AD4A00417632 /* LaunchScreen.storyboard in Resources */,
				7B86E70028B9AD4A00417632 /* Assets.xcassets in Resources */,
				7B86E6FE28B9AD4800417632 /* Main.storyboard in Resources */,
			);
			runOnlyForDeploymentPostprocessing = 0;
		};
/* End PBXResourcesBuildPhase section */

/* Begin PBXSourcesBuildPhase section */
		7B86E6EF28B9AD4800417632 /* Sources */ = {
			isa = PBXSourcesBuildPhase;
			buildActionMask = 2147483647;
			files = (
				7B86E6FB28B9AD4800417632 /* ViewController.swift in Sources */,
				7B86E71128B9AFB500417632 /* Pokemon.swift in Sources */,
				7BDE3EB528BA63FF00CE10EE /* PokemonViewController.swift in Sources */,
				7B86E6F728B9AD4800417632 /* AppDelegate.swift in Sources */,
				7BDE3EB328BA5F7300CE10EE /* PokemonDataManager.swift in Sources */,
				7BDE3EBF28BA963C00CE10EE /* PokemonDetailViewController.swift in Sources */,
				7B86E6F928B9AD4800417632 /* SceneDelegate.swift in Sources */,
				7BDE3EB928BA816100CE10EE /* PokeCellCollectionViewCell.swift in Sources */,
			);
			runOnlyForDeploymentPostprocessing = 0;
		};
/* End PBXSourcesBuildPhase section */

/* Begin PBXVariantGroup section */
		7B86E6FC28B9AD4800417632 /* Main.storyboard */ = {
			isa = PBXVariantGroup;
			children = (
				7B86E6FD28B9AD4800417632 /* Base */,
			);
			name = Main.storyboard;
			sourceTree = "<group>";
		};
		7B86E70128B9AD4A00417632 /* LaunchScreen.storyboard */ = {
			isa = PBXVariantGroup;
			children = (
				7B86E70228B9AD4A00417632 /* Base */,
			);
			name = LaunchScreen.storyboard;
			sourceTree = "<group>";
		};
/* End PBXVariantGroup section */

/* Begin XCBuildConfiguration section */
		7B86E70528B9AD4A00417632 /* Debug */ = {
			isa = XCBuildConfiguration;
			buildSettings = {
				ALWAYS_SEARCH_USER_PATHS = NO;
				CLANG_ANALYZER_NONNULL = YES;
				CLANG_ANALYZER_NUMBER_OBJECT_CONVERSION = YES_AGGRESSIVE;
				CLANG_CXX_LANGUAGE_STANDARD = "gnu++17";
				CLANG_ENABLE_MODULES = YES;
				CLANG_ENABLE_OBJC_ARC = YES;
				CLANG_ENABLE_OBJC_WEAK = YES;
				CLANG_WARN_BLOCK_CAPTURE_AUTORELEASING = YES;
				CLANG_WARN_BOOL_CONVERSION = YES;
				CLANG_WARN_COMMA = YES;
				CLANG_WARN_CONSTANT_CONVERSION = YES;
				CLANG_WARN_DEPRECATED_OBJC_IMPLEMENTATIONS = YES;
				CLANG_WARN_DIRECT_OBJC_ISA_USAGE = YES_ERROR;
				CLANG_WARN_DOCUMENTATION_COMMENTS = YES;
				CLANG_WARN_EMPTY_BODY = YES;
				CLANG_WARN_ENUM_CONVERSION = YES;
				CLANG_WARN_INFINITE_RECURSION = YES;
				CLANG_WARN_INT_CONVERSION = YES;
				CLANG_WARN_NON_LITERAL_NULL_CONVERSION = YES;
				CLANG_WARN_OBJC_IMPLICIT_RETAIN_SELF = YES;
				CLANG_WARN_OBJC_LITERAL_CONVERSION = YES;
				CLANG_WARN_OBJC_ROOT_CLASS = YES_ERROR;
				CLANG_WARN_QUOTED_INCLUDE_IN_FRAMEWORK_HEADER = YES;
				CLANG_WARN_RANGE_LOOP_ANALYSIS = YES;
				CLANG_WARN_STRICT_PROTOTYPES = YES;
				CLANG_WARN_SUSPICIOUS_MOVE = YES;
				CLANG_WARN_UNGUARDED_AVAILABILITY = YES_AGGRESSIVE;
				CLANG_WARN_UNREACHABLE_CODE = YES;
				CLANG_WARN__DUPLICATE_METHOD_MATCH = YES;
				COPY_PHASE_STRIP = NO;
				DEBUG_INFORMATION_FORMAT = dwarf;
				ENABLE_STRICT_OBJC_MSGSEND = YES;
				ENABLE_TESTABILITY = YES;
				GCC_C_LANGUAGE_STANDARD = gnu11;
				GCC_DYNAMIC_NO_PIC = NO;
				GCC_NO_COMMON_BLOCKS = YES;
				GCC_OPTIMIZATION_LEVEL = 0;
				GCC_PREPROCESSOR_DEFINITIONS = (
					"DEBUG=1",
					"$(inherited)",
				);
				GCC_WARN_64_TO_32_BIT_CONVERSION = YES;
				GCC_WARN_ABOUT_RETURN_TYPE = YES_ERROR;
				GCC_WARN_UNDECLARED_SELECTOR = YES;
				GCC_WARN_UNINITIALIZED_AUTOS = YES_AGGRESSIVE;
				GCC_WARN_UNUSED_FUNCTION = YES;
				GCC_WARN_UNUSED_VARIABLE = YES;
				IPHONEOS_DEPLOYMENT_TARGET = 15.4;
				MTL_ENABLE_DEBUG_INFO = INCLUDE_SOURCE;
				MTL_FAST_MATH = YES;
				ONLY_ACTIVE_ARCH = YES;
				SDKROOT = iphoneos;
				SWIFT_ACTIVE_COMPILATION_CONDITIONS = DEBUG;
				SWIFT_OPTIMIZATION_LEVEL = "-Onone";
			};
			name = Debug;
		};
		7B86E70628B9AD4A00417632 /* Release */ = {
			isa = XCBuildConfiguration;
			buildSettings = {
				ALWAYS_SEARCH_USER_PATHS = NO;
				CLANG_ANALYZER_NONNULL = YES;
				CLANG_ANALYZER_NUMBER_OBJECT_CONVERSION = YES_AGGRESSIVE;
				CLANG_CXX_LANGUAGE_STANDARD = "gnu++17";
				CLANG_ENABLE_MODULES = YES;
				CLANG_ENABLE_OBJC_ARC = YES;
				CLANG_ENABLE_OBJC_WEAK = YES;
				CLANG_WARN_BLOCK_CAPTURE_AUTORELEASING = YES;
				CLANG_WARN_BOOL_CONVERSION = YES;
				CLANG_WARN_COMMA = YES;
				CLANG_WARN_CONSTANT_CONVERSION = YES;
				CLANG_WARN_DEPRECATED_OBJC_IMPLEMENTATIONS = YES;
				CLANG_WARN_DIRECT_OBJC_ISA_USAGE = YES_ERROR;
				CLANG_WARN_DOCUMENTATION_COMMENTS = YES;
				CLANG_WARN_EMPTY_BODY = YES;
				CLANG_WARN_ENUM_CONVERSION = YES;
				CLANG_WARN_INFINITE_RECURSION = YES;
				CLANG_WARN_INT_CONVERSION = YES;
				CLANG_WARN_NON_LITERAL_NULL_CONVERSION = YES;
				CLANG_WARN_OBJC_IMPLICIT_RETAIN_SELF = YES;
				CLANG_WARN_OBJC_LITERAL_CONVERSION = YES;
				CLANG_WARN_OBJC_ROOT_CLASS = YES_ERROR;
				CLANG_WARN_QUOTED_INCLUDE_IN_FRAMEWORK_HEADER = YES;
				CLANG_WARN_RANGE_LOOP_ANALYSIS = YES;
				CLANG_WARN_STRICT_PROTOTYPES = YES;
				CLANG_WARN_SUSPICIOUS_MOVE = YES;
				CLANG_WARN_UNGUARDED_AVAILABILITY = YES_AGGRESSIVE;
				CLANG_WARN_UNREACHABLE_CODE = YES;
				CLANG_WARN__DUPLICATE_METHOD_MATCH = YES;
				COPY_PHASE_STRIP = NO;
				DEBUG_INFORMATION_FORMAT = "dwarf-with-dsym";
				ENABLE_NS_ASSERTIONS = NO;
				ENABLE_STRICT_OBJC_MSGSEND = YES;
				GCC_C_LANGUAGE_STANDARD = gnu11;
				GCC_NO_COMMON_BLOCKS = YES;
				GCC_WARN_64_TO_32_BIT_CONVERSION = YES;
				GCC_WARN_ABOUT_RETURN_TYPE = YES_ERROR;
				GCC_WARN_UNDECLARED_SELECTOR = YES;
				GCC_WARN_UNINITIALIZED_AUTOS = YES_AGGRESSIVE;
				GCC_WARN_UNUSED_FUNCTION = YES;
				GCC_WARN_UNUSED_VARIABLE = YES;
				IPHONEOS_DEPLOYMENT_TARGET = 15.4;
				MTL_ENABLE_DEBUG_INFO = NO;
				MTL_FAST_MATH = YES;
				SDKROOT = iphoneos;
				SWIFT_COMPILATION_MODE = wholemodule;
				SWIFT_OPTIMIZATION_LEVEL = "-O";
				VALIDATE_PRODUCT = YES;
			};
			name = Release;
		};
		7B86E70828B9AD4A00417632 /* Debug */ = {
			isa = XCBuildConfiguration;
			buildSettings = {
				ASSETCATALOG_COMPILER_APPICON_NAME = AppIcon;
				ASSETCATALOG_COMPILER_GLOBAL_ACCENT_COLOR_NAME = AccentColor;
				CODE_SIGN_STYLE = Automatic;
				CURRENT_PROJECT_VERSION = 1;
				DEVELOPMENT_TEAM = 24P55VDX3W;
				GENERATE_INFOPLIST_FILE = YES;
				INFOPLIST_FILE = MVCExample/Info.plist;
				INFOPLIST_KEY_UIApplicationSupportsIndirectInputEvents = YES;
				INFOPLIST_KEY_UILaunchStoryboardName = LaunchScreen;
				INFOPLIST_KEY_UIMainStoryboardFile = Main;
				INFOPLIST_KEY_UISupportedInterfaceOrientations_iPad = "UIInterfaceOrientationPortrait UIInterfaceOrientationPortraitUpsideDown UIInterfaceOrientationLandscapeLeft UIInterfaceOrientationLandscapeRight";
				INFOPLIST_KEY_UISupportedInterfaceOrientations_iPhone = "UIInterfaceOrientationPortrait UIInterfaceOrientationLandscapeLeft UIInterfaceOrientationLandscapeRight";
				LD_RUNPATH_SEARCH_PATHS = (
					"$(inherited)",
					"@executable_path/Frameworks",
				);
				MARKETING_VERSION = 1.0;
				PRODUCT_BUNDLE_IDENTIFIER = dev.ivannieto.MVCExample;
				PRODUCT_NAME = "$(TARGET_NAME)";
				SWIFT_EMIT_LOC_STRINGS = YES;
				SWIFT_VERSION = 5.0;
				TARGETED_DEVICE_FAMILY = 1;
			};
			name = Debug;
		};
		7B86E70928B9AD4A00417632 /* Release */ = {
			isa = XCBuildConfiguration;
			buildSettings = {
				ASSETCATALOG_COMPILER_APPICON_NAME = AppIcon;
				ASSETCATALOG_COMPILER_GLOBAL_ACCENT_COLOR_NAME = AccentColor;
				CODE_SIGN_STYLE = Automatic;
				CURRENT_PROJECT_VERSION = 1;
				DEVELOPMENT_TEAM = 24P55VDX3W;
				GENERATE_INFOPLIST_FILE = YES;
				INFOPLIST_FILE = MVCExample/Info.plist;
				INFOPLIST_KEY_UIApplicationSupportsIndirectInputEvents = YES;
				INFOPLIST_KEY_UILaunchStoryboardName = LaunchScreen;
				INFOPLIST_KEY_UIMainStoryboardFile = Main;
				INFOPLIST_KEY_UISupportedInterfaceOrientations_iPad = "UIInterfaceOrientationPortrait UIInterfaceOrientationPortraitUpsideDown UIInterfaceOrientationLandscapeLeft UIInterfaceOrientationLandscapeRight";
				INFOPLIST_KEY_UISupportedInterfaceOrientations_iPhone = "UIInterfaceOrientationPortrait UIInterfaceOrientationLandscapeLeft UIInterfaceOrientationLandscapeRight";
				LD_RUNPATH_SEARCH_PATHS = (
					"$(inherited)",
					"@executable_path/Frameworks",
				);
				MARKETING_VERSION = 1.0;
				PRODUCT_BUNDLE_IDENTIFIER = dev.ivannieto.MVCExample;
				PRODUCT_NAME = "$(TARGET_NAME)";
				SWIFT_EMIT_LOC_STRINGS = YES;
				SWIFT_VERSION = 5.0;
				TARGETED_DEVICE_FAMILY = 1;
			};
			name = Release;
		};
/* End XCBuildConfiguration section */

/* Begin XCConfigurationList section */
		7B86E6EE28B9AD4800417632 /* Build configuration list for PBXProject "MVCExample" */ = {
			isa = XCConfigurationList;
			buildConfigurations = (
				7B86E70528B9AD4A00417632 /* Debug */,
				7B86E70628B9AD4A00417632 /* Release */,
			);
			defaultConfigurationIsVisible = 0;
			defaultConfigurationName = Release;
		};
		7B86E70728B9AD4A00417632 /* Build configuration list for PBXNativeTarget "MVCExample" */ = {
			isa = XCConfigurationList;
			buildConfigurations = (
				7B86E70828B9AD4A00417632 /* Debug */,
				7B86E70928B9AD4A00417632 /* Release */,
			);
			defaultConfigurationIsVisible = 0;
			defaultConfigurationName = Release;
		};
/* End XCConfigurationList section */
	};
	rootObject = 7B86E6EB28B9AD4800417632 /* Project object */;
}
